
Microsoft Visual Studio Solution File, Format Version 12.00
# Visual Studio Version 16
VisualStudioVersion = 25.0.1706.7
MinimumVisualStudioVersion = 10.0.40219.1
Project("{FAE04EC0-301F-11D3-BF4B-00C04F79EFBC}") = "Assembly-CSharp-Editor-firstpass", "Assembly-CSharp-Editor-firstpass.csproj", "{D6CB6CDC-2695-1A1B-706F-2B29BC3F7DAF}"
EndProject
Global
	GlobalSection(SolutionConfigurationPlatforms) = preSolution
		Debug|Any CPU = Debug|Any CPU
		Release|Any CPU = Release|Any CPU
	EndGlobalSection
	GlobalSection(ProjectConfigurationPlatforms) = postSolution
		{D6CB6CDC-2695-1A1B-706F-2B29BC3F7DAF}.Debug|Any CPU.ActiveCfg = Debug|Any CPU
		{D6CB6CDC-2695-1A1B-706F-2B29BC3F7DAF}.Debug|Any CPU.Build.0 = Debug|Any CPU
		{D6CB6CDC-2695-1A1B-706F-2B29BC3F7DAF}.Release|Any CPU.ActiveCfg = Release|Any CPU
		{D6CB6CDC-2695-1A1B-706F-2B29BC3F7DAF}.Release|Any CPU.Build.0 = Release|Any CPU
	EndGlobalSection
	GlobalSection(SolutionProperties) = preSolution
		HideSolutionNode = FALSE
	EndGlobalSection
	GlobalSection(ExtensibilityGlobals) = postSolution
		SolutionGuid = {D2359BB7-F24C-46F4-AE3A-C66835B19055}
	EndGlobalSection
EndGlobal
